
Microsoft Visual Studio Solution File, Format Version 12.00
# Visual Studio Version 16
VisualStudioVersion = 16.0.30320.27
MinimumVisualStudioVersion = 10.0.40219.1
Project("{FAE04EC0-301F-11D3-BF4B-00C04F79EFBC}") = "Sarasi_HMS", "Sarasi_HMS.csproj", "{706FE58C-D608-4BAF-A4DE-DE43B7D4B4DA}"
EndProject
Global
	GlobalSection(SolutionConfigurationPlatforms) = preSolution
		Debug|Any CPU = Debug|Any CPU
		Release|Any CPU = Release|Any CPU
	EndGlobalSection
	GlobalSection(ProjectConfigurationPlatforms) = postSolution
		{706FE58C-D608-4BAF-A4DE-DE43B7D4B4DA}.Debug|Any CPU.ActiveCfg = Debug|Any CPU
		{706FE58C-D608-4BAF-A4DE-DE43B7D4B4DA}.Debug|Any CPU.Build.0 = Debug|Any CPU
		{706FE58C-D608-4BAF-A4DE-DE43B7D4B4DA}.Release|Any CPU.ActiveCfg = Release|Any CPU
		{706FE58C-D608-4BAF-A4DE-DE43B7D4B4DA}.Release|Any CPU.Build.0 = Release|Any CPU
	EndGlobalSection
	GlobalSection(SolutionProperties) = preSolution
		HideSolutionNode = FALSE
	EndGlobalSection
	GlobalSection(ExtensibilityGlobals) = postSolution
		SolutionGuid = {168C2B12-97A8-4DCB-8318-E3A12ABC7836}
	EndGlobalSection
EndGlobal
